
Microsoft Visual Studio Solution File, Format Version 12.00
# Visual Studio 14
VisualStudioVersion = 14.0.25420.1
MinimumVisualStudioVersion = 10.0.40219.1
Project("{FAE04EC0-301F-11D3-BF4B-00C04F79EFBC}") = "XTravelAlarm", "XTravelAlarm\XTravelAlarm\XTravelAlarm.csproj", "{BE24CF89-EA14-47CF-A2C2-E4281DA6CAF0}"
EndProject
Project("{FAE04EC0-301F-11D3-BF4B-00C04F79EFBC}") = "XTravelAlarm.Droid", "XTravelAlarm\XTravelAlarm.Droid\XTravelAlarm.Droid.csproj", "{7EC834FA-F7EF-48BC-BC67-F57558CEB096}"
EndProject
Project("{FAE04EC0-301F-11D3-BF4B-00C04F79EFBC}") = "XTravelAlarm.iOS", "XTravelAlarm\XTravelAlarm.iOS\XTravelAlarm.iOS.csproj", "{B54F10A2-DDD7-46D3-B579-6A5F72C4DDCC}"
EndProject
Global
	GlobalSection(SolutionConfigurationPlatforms) = preSolution
		Ad-Hoc|Any CPU = Ad-Hoc|Any CPU
		Ad-Hoc|iPhone = Ad-Hoc|iPhone
		Ad-Hoc|iPhoneSimulator = Ad-Hoc|iPhoneSimulator
		AppStore|Any CPU = AppStore|Any CPU
		AppStore|iPhone = AppStore|iPhone
		AppStore|iPhoneSimulator = AppStore|iPhoneSimulator
		Debug|Any CPU = Debug|Any CPU
		Debug|iPhone = Debug|iPhone
		Debug|iPhoneSimulator = Debug|iPhoneSimulator
		Release|Any CPU = Release|Any CPU
		Release|iPhone = Release|iPhone
		Release|iPhoneSimulator = Release|iPhoneSimulator
	EndGlobalSection
	GlobalSection(ProjectConfigurationPlatforms) = postSolution
		{BE24CF89-EA14-47CF-A2C2-E4281DA6CAF0}.Ad-Hoc|Any CPU.ActiveCfg = Release|Any CPU
		{BE24CF89-EA14-47CF-A2C2-E4281DA6CAF0}.Ad-Hoc|Any CPU.Build.0 = Release|Any CPU
		{BE24CF89-EA14-47CF-A2C2-E4281DA6CAF0}.Ad-Hoc|iPhone.ActiveCfg = Release|Any CPU
		{BE24CF89-EA14-47CF-A2C2-E4281DA6CAF0}.Ad-Hoc|iPhone.Build.0 = Release|Any CPU
		{BE24CF89-EA14-47CF-A2C2-E4281DA6CAF0}.Ad-Hoc|iPhoneSimulator.ActiveCfg = Release|Any CPU
		{BE24CF89-EA14-47CF-A2C2-E4281DA6CAF0}.Ad-Hoc|iPhoneSimulator.Build.0 = Release|Any CPU
		{BE24CF89-EA14-47CF-A2C2-E4281DA6CAF0}.AppStore|Any CPU.ActiveCfg = Release|Any CPU
		{BE24CF89-EA14-47CF-A2C2-E4281DA6CAF0}.AppStore|Any CPU.Build.0 = Release|Any CPU
		{BE24CF89-EA14-47CF-A2C2-E4281DA6CAF0}.AppStore|iPhone.ActiveCfg = Release|Any CPU
		{BE24CF89-EA14-47CF-A2C2-E4281DA6CAF0}.AppStore|iPhone.Build.0 = Release|Any CPU
		{BE24CF89-EA14-47CF-A2C2-E4281DA6CAF0}.AppStore|iPhoneSimulator.ActiveCfg = Release|Any CPU
		{BE24CF89-EA14-47CF-A2C2-E4281DA6CAF0}.AppStore|iPhoneSimulator.Build.0 = Release|Any CPU
		{BE24CF89-EA14-47CF-A2C2-E4281DA6CAF0}.Debug|Any CPU.ActiveCfg = Debug|Any CPU
		{BE24CF89-EA14-47CF-A2C2-E4281DA6CAF0}.Debug|Any CPU.Build.0 = Debug|Any CPU
		{BE24CF89-EA14-47CF-A2C2-E4281DA6CAF0}.Debug|iPhone.ActiveCfg = Debug|Any CPU
		{BE24CF89-EA14-47CF-A2C2-E4281DA6CAF0}.Debug|iPhone.Build.0 = Debug|Any CPU
		{BE24CF89-EA14-47CF-A2C2-E4281DA6CAF0}.Debug|iPhoneSimulator.ActiveCfg = Debug|Any CPU
		{BE24CF89-EA14-47CF-A2C2-E4281DA6CAF0}.Debug|iPhoneSimulator.Build.0 = Debug|Any CPU
		{BE24CF89-EA14-47CF-A2C2-E4281DA6CAF0}.Release|Any CPU.ActiveCfg = Release|Any CPU
		{BE24CF89-EA14-47CF-A2C2-E4281DA6CAF0}.Release|Any CPU.Build.0 = Release|Any CPU
		{BE24CF89-EA14-47CF-A2C2-E4281DA6CAF0}.Release|iPhone.ActiveCfg = Release|Any CPU
		{BE24CF89-EA14-47CF-A2C2-E4281DA6CAF0}.Release|iPhone.Build.0 = Release|Any CPU
		{BE24CF89-EA14-47CF-A2C2-E4281DA6CAF0}.Release|iPhoneSimulator.ActiveCfg = Release|Any CPU
		{BE24CF89-EA14-47CF-A2C2-E4281DA6CAF0}.Release|iPhoneSimulator.Build.0 = Release|Any CPU
		{7EC834FA-F7EF-48BC-BC67-F57558CEB096}.Ad-Hoc|Any CPU.ActiveCfg = Release|Any CPU
		{7EC834FA-F7EF-48BC-BC67-F57558CEB096}.Ad-Hoc|Any CPU.Build.0 = Release|Any CPU
		{7EC834FA-F7EF-48BC-BC67-F57558CEB096}.Ad-Hoc|Any CPU.Deploy.0 = Release|Any CPU
		{7EC834FA-F7EF-48BC-BC67-F57558CEB096}.Ad-Hoc|iPhone.ActiveCfg = Release|Any CPU
		{7EC834FA-F7EF-48BC-BC67-F57558CEB096}.Ad-Hoc|iPhone.Build.0 = Release|Any CPU
		{7EC834FA-F7EF-48BC-BC67-F57558CEB096}.Ad-Hoc|iPhone.Deploy.0 = Release|Any CPU
		{7EC834FA-F7EF-48BC-BC67-F57558CEB096}.Ad-Hoc|iPhoneSimulator.ActiveCfg = Release|Any CPU
		{7EC834FA-F7EF-48BC-BC67-F57558CEB096}.Ad-Hoc|iPhoneSimulator.Build.0 = Release|Any CPU
		{7EC834FA-F7EF-48BC-BC67-F57558CEB096}.Ad-Hoc|iPhoneSimulator.Deploy.0 = Release|Any CPU
		{7EC834FA-F7EF-48BC-BC67-F57558CEB096}.AppStore|Any CPU.ActiveCfg = Release|Any CPU
		{7EC834FA-F7EF-48BC-BC67-F57558CEB096}.AppStore|Any CPU.Build.0 = Release|Any CPU
		{7EC834FA-F7EF-48BC-BC67-F57558CEB096}.AppStore|Any CPU.Deploy.0 = Release|Any CPU
		{7EC834FA-F7EF-48BC-BC67-F57558CEB096}.AppStore|iPhone.ActiveCfg = Release|Any CPU
		{7EC834FA-F7EF-48BC-BC67-F57558CEB096}.AppStore|iPhone.Build.0 = Release|Any CPU
		{7EC834FA-F7EF-48BC-BC67-F57558CEB096}.AppStore|iPhone.Deploy.0 = Release|Any CPU
		{7EC834FA-F7EF-48BC-BC67-F57558CEB096}.AppStore|iPhoneSimulator.ActiveCfg = Release|Any CPU
		{7EC834FA-F7EF-48BC-BC67-F57558CEB096}.AppStore|iPhoneSimulator.Build.0 = Release|Any CPU
		{7EC834FA-F7EF-48BC-BC67-F57558CEB096}.AppStore|iPhoneSimulator.Deploy.0 = Release|Any CPU
		{7EC834FA-F7EF-48BC-BC67-F57558CEB096}.Debug|Any CPU.ActiveCfg = Debug|Any CPU
		{7EC834FA-F7EF-48BC-BC67-F57558CEB096}.Debug|Any CPU.Build.0 = Debug|Any CPU
		{7EC834FA-F7EF-48BC-BC67-F57558CEB096}.Debug|Any CPU.Deploy.0 = Debug|Any CPU
		{7EC834FA-F7EF-48BC-BC67-F57558CEB096}.Debug|iPhone.ActiveCfg = Debug|Any CPU
		{7EC834FA-F7EF-48BC-BC67-F57558CEB096}.Debug|iPhone.Build.0 = Debug|Any CPU
		{7EC834FA-F7EF-48BC-BC67-F57558CEB096}.Debug|iPhone.Deploy.0 = Debug|Any CPU
		{7EC834FA-F7EF-48BC-BC67-F57558CEB096}.Debug|iPhoneSimulator.ActiveCfg = Debug|Any CPU
		{7EC834FA-F7EF-48BC-BC67-F57558CEB096}.Debug|iPhoneSimulator.Build.0 = Debug|Any CPU
		{7EC834FA-F7EF-48BC-BC67-F57558CEB096}.Debug|iPhoneSimulator.Deploy.0 = Debug|Any CPU
		{7EC834FA-F7EF-48BC-BC67-F57558CEB096}.Release|Any CPU.ActiveCfg = Release|Any CPU
		{7EC834FA-F7EF-48BC-BC67-F57558CEB096}.Release|Any CPU.Build.0 = Release|Any CPU
		{7EC834FA-F7EF-48BC-BC67-F57558CEB096}.Release|Any CPU.Deploy.0 = Release|Any CPU
		{7EC834FA-F7EF-48BC-BC67-F57558CEB096}.Release|iPhone.ActiveCfg = Release|Any CPU
		{7EC834FA-F7EF-48BC-BC67-F57558CEB096}.Release|iPhone.Build.0 = Release|Any CPU
		{7EC834FA-F7EF-48BC-BC67-F57558CEB096}.Release|iPhone.Deploy.0 = Release|Any CPU
		{7EC834FA-F7EF-48BC-BC67-F57558CEB096}.Release|iPhoneSimulator.ActiveCfg = Release|Any CPU
		{7EC834FA-F7EF-48BC-BC67-F57558CEB096}.Release|iPhoneSimulator.Build.0 = Release|Any CPU
		{7EC834FA-F7EF-48BC-BC67-F57558CEB096}.Release|iPhoneSimulator.Deploy.0 = Release|Any CPU
		{B54F10A2-DDD7-46D3-B579-6A5F72C4DDCC}.Ad-Hoc|Any CPU.ActiveCfg = Ad-Hoc|iPhone
		{B54F10A2-DDD7-46D3-B579-6A5F72C4DDCC}.Ad-Hoc|iPhone.ActiveCfg = Ad-Hoc|iPhone
		{B54F10A2-DDD7-46D3-B579-6A5F72C4DDCC}.Ad-Hoc|iPhone.Build.0 = Ad-Hoc|iPhone
		{B54F10A2-DDD7-46D3-B579-6A5F72C4DDCC}.Ad-Hoc|iPhoneSimulator.ActiveCfg = Ad-Hoc|iPhoneSimulator
		{B54F10A2-DDD7-46D3-B579-6A5F72C4DDCC}.Ad-Hoc|iPhoneSimulator.Build.0 = Ad-Hoc|iPhoneSimulator
		{B54F10A2-DDD7-46D3-B579-6A5F72C4DDCC}.AppStore|Any CPU.ActiveCfg = AppStore|iPhone
		{B54F10A2-DDD7-46D3-B579-6A5F72C4DDCC}.AppStore|iPhone.ActiveCfg = AppStore|iPhone
		{B54F10A2-DDD7-46D3-B579-6A5F72C4DDCC}.AppStore|iPhone.Build.0 = AppStore|iPhone
		{B54F10A2-DDD7-46D3-B579-6A5F72C4DDCC}.AppStore|iPhoneSimulator.ActiveCfg = AppStore|iPhoneSimulator
		{B54F10A2-DDD7-46D3-B579-6A5F72C4DDCC}.AppStore|iPhoneSimulator.Build.0 = AppStore|iPhoneSimulator
		{B54F10A2-DDD7-46D3-B579-6A5F72C4DDCC}.Debug|Any CPU.ActiveCfg = Debug|iPhone
		{B54F10A2-DDD7-46D3-B579-6A5F72C4DDCC}.Debug|Any CPU.Build.0 = Debug|iPhone
		{B54F10A2-DDD7-46D3-B579-6A5F72C4DDCC}.Debug|iPhone.ActiveCfg = Debug|iPhone
		{B54F10A2-DDD7-46D3-B579-6A5F72C4DDCC}.Debug|iPhone.Build.0 = Debug|iPhone
		{B54F10A2-DDD7-46D3-B579-6A5F72C4DDCC}.Debug|iPhoneSimulator.ActiveCfg = Debug|iPhoneSimulator
		{B54F10A2-DDD7-46D3-B579-6A5F72C4DDCC}.Debug|iPhoneSimulator.Build.0 = Debug|iPhoneSimulator
		{B54F10A2-DDD7-46D3-B579-6A5F72C4DDCC}.Release|Any CPU.ActiveCfg = Release|iPhone
		{B54F10A2-DDD7-46D3-B579-6A5F72C4DDCC}.Release|iPhone.ActiveCfg = Release|iPhone
		{B54F10A2-DDD7-46D3-B579-6A5F72C4DDCC}.Release|iPhone.Build.0 = Release|iPhone
		{B54F10A2-DDD7-46D3-B579-6A5F72C4DDCC}.Release|iPhoneSimulator.ActiveCfg = Release|iPhoneSimulator
		{B54F10A2-DDD7-46D3-B579-6A5F72C4DDCC}.Release|iPhoneSimulator.Build.0 = Release|iPhoneSimulator
	EndGlobalSection
	GlobalSection(SolutionProperties) = preSolution
		HideSolutionNode = FALSE
	EndGlobalSection
EndGlobal
